
Microsoft Visual Studio Solution File, Format Version 12.00
# Visual Studio Version 17
VisualStudioVersion = 17.13.35828.75 d17.13
MinimumVisualStudioVersion = 10.0.40219.1
Project("{FAE04EC0-301F-11D3-BF4B-00C04F79EFBC}") = "StudyGroups", "StudyGroups.csproj", "{947FE814-6891-436C-965E-08BD46B5E88B}"
EndProject
Global
	GlobalSection(SolutionConfigurationPlatforms) = preSolution
		Debug|Any CPU = Debug|Any CPU
		Release|Any CPU = Release|Any CPU
	EndGlobalSection
	GlobalSection(ProjectConfigurationPlatforms) = postSolution
		{947FE814-6891-436C-965E-08BD46B5E88B}.Debug|Any CPU.ActiveCfg = Debug|Any CPU
		{947FE814-6891-436C-965E-08BD46B5E88B}.Debug|Any CPU.Build.0 = Debug|Any CPU
		{947FE814-6891-436C-965E-08BD46B5E88B}.Release|Any CPU.ActiveCfg = Release|Any CPU
		{947FE814-6891-436C-965E-08BD46B5E88B}.Release|Any CPU.Build.0 = Release|Any CPU
	EndGlobalSection
	GlobalSection(SolutionProperties) = preSolution
		HideSolutionNode = FALSE
	EndGlobalSection
	GlobalSection(ExtensibilityGlobals) = postSolution
		SolutionGuid = {0E8FACCF-ABA5-4313-ACD1-5C2CB638CD92}
	EndGlobalSection
EndGlobal
